// !$*UTF8*$!
{
	archiveVersion = 1;
	classes = {
	};
	objectVersion = 56;
	objects = {

/* Begin PBXBuildFile section */
		FA1775ED2B87B7F8005924CE /* HealthKitManager.swift in Sources */ = {isa = PBXBuildFile; fileRef = FA1775EC2B87B7F8005924CE /* HealthKitManager.swift */; };
		FA833CAF2B869B05008DCD90 /* Race_Time_PredictorApp.swift in Sources */ = {isa = PBXBuildFile; fileRef = FA833CAE2B869B05008DCD90 /* Race_Time_PredictorApp.swift */; };
		FA833CB12B869B05008DCD90 /* ContentView.swift in Sources */ = {isa = PBXBuildFile; fileRef = FA833CB02B869B05008DCD90 /* ContentView.swift */; };
		FA833CB32B869B05008DCD90 /* Item.swift in Sources */ = {isa = PBXBuildFile; fileRef = FA833CB22B869B05008DCD90 /* Item.swift */; };
		FA833CB52B869B06008DCD90 /* Assets.xcassets in Resources */ = {isa = PBXBuildFile; fileRef = FA833CB42B869B06008DCD90 /* Assets.xcassets */; };
		FA833CB82B869B06008DCD90 /* Preview Assets.xcassets in Resources */ = {isa = PBXBuildFile; fileRef = FA833CB72B869B06008DCD90 /* Preview Assets.xcassets */; };
		FA833CC22B869B06008DCD90 /* Race_Time_PredictorTests.swift in Sources */ = {isa = PBXBuildFile; fileRef = FA833CC12B869B06008DCD90 /* Race_Time_PredictorTests.swift */; };
		FA833CCC2B869B06008DCD90 /* Race_Time_PredictorUITests.swift in Sources */ = {isa = PBXBuildFile; fileRef = FA833CCB2B869B06008DCD90 /* Race_Time_PredictorUITests.swift */; };
		FA833CCE2B869B06008DCD90 /* Race_Time_PredictorUITestsLaunchTests.swift in Sources */ = {isa = PBXBuildFile; fileRef = FA833CCD2B869B06008DCD90 /* Race_Time_PredictorUITestsLaunchTests.swift */; };
/* End PBXBuildFile section */

/* Begin PBXContainerItemProxy section */
		FA833CBE2B869B06008DCD90 /* PBXContainerItemProxy */ = {
			isa = PBXContainerItemProxy;
			containerPortal = FA833CA32B869B05008DCD90 /* Project object */;
			proxyType = 1;
			remoteGlobalIDString = FA833CAA2B869B05008DCD90;
			remoteInfo = "Race Time Predictor";
		};
		FA833CC82B869B06008DCD90 /* PBXContainerItemProxy */ = {
			isa = PBXContainerItemProxy;
			containerPortal = FA833CA32B869B05008DCD90 /* Project object */;
			proxyType = 1;
			remoteGlobalIDString = FA833CAA2B869B05008DCD90;
			remoteInfo = "Race Time Predictor";
		};
/* End PBXContainerItemProxy section */

/* Begin PBXFileReference section */
		FA1775EC2B87B7F8005924CE /* HealthKitManager.swift */ = {isa = PBXFileReference; lastKnownFileType = sourcecode.swift; path = HealthKitManager.swift; sourceTree = "<group>"; };
		FA833CAB2B869B05008DCD90 /* Race Time Predictor.app */ = {isa = PBXFileReference; explicitFileType = wrapper.application; includeInIndex = 0; path = "Race Time Predictor.app"; sourceTree = BUILT_PRODUCTS_DIR; };
		FA833CAE2B869B05008DCD90 /* Race_Time_PredictorApp.swift */ = {isa = PBXFileReference; lastKnownFileType = sourcecode.swift; path = Race_Time_PredictorApp.swift; sourceTree = "<group>"; };
		FA833CB02B869B05008DCD90 /* ContentView.swift */ = {isa = PBXFileReference; lastKnownFileType = sourcecode.swift; path = ContentView.swift; sourceTree = "<group>"; };
		FA833CB22B869B05008DCD90 /* Item.swift */ = {isa = PBXFileReference; lastKnownFileType = sourcecode.swift; path = Item.swift; sourceTree = "<group>"; };
		FA833CB42B869B06008DCD90 /* Assets.xcassets */ = {isa = PBXFileReference; lastKnownFileType = folder.assetcatalog; path = Assets.xcassets; sourceTree = "<group>"; };
		FA833CB72B869B06008DCD90 /* Preview Assets.xcassets */ = {isa = PBXFileReference; lastKnownFileType = folder.assetcatalog; path = "Preview Assets.xcassets"; sourceTree = "<group>"; };
		FA833CBD2B869B06008DCD90 /* Race Time PredictorTests.xctest */ = {isa = PBXFileReference; explicitFileType = wrapper.cfbundle; includeInIndex = 0; path = "Race Time PredictorTests.xctest"; sourceTree = BUILT_PRODUCTS_DIR; };
		FA833CC12B869B06008DCD90 /* Race_Time_PredictorTests.swift */ = {isa = PBXFileReference; lastKnownFileType = sourcecode.swift; path = Race_Time_PredictorTests.swift; sourceTree = "<group>"; };
		FA833CC72B869B06008DCD90 /* Race Time PredictorUITests.xctest */ = {isa = PBXFileReference; explicitFileType = wrapper.cfbundle; includeInIndex = 0; path = "Race Time PredictorUITests.xctest"; sourceTree = BUILT_PRODUCTS_DIR; };
		FA833CCB2B869B06008DCD90 /* Race_Time_PredictorUITests.swift */ = {isa = PBXFileReference; lastKnownFileType = sourcecode.swift; path = Race_Time_PredictorUITests.swift; sourceTree = "<group>"; };
		FA833CCD2B869B06008DCD90 /* Race_Time_PredictorUITestsLaunchTests.swift */ = {isa = PBXFileReference; lastKnownFileType = sourcecode.swift; path = Race_Time_PredictorUITestsLaunchTests.swift; sourceTree = "<group>"; };
		FA833CDA2B869E16008DCD90 /* Race-Time-Predictor-Info.plist */ = {isa = PBXFileReference; lastKnownFileType = text.plist; path = "Race-Time-Predictor-Info.plist"; sourceTree = SOURCE_ROOT; };
		FA833CDB2B86A05F008DCD90 /* Race Time Predictor.entitlements */ = {isa = PBXFileReference; lastKnownFileType = text.plist.entitlements; path = "Race Time Predictor.entitlements"; sourceTree = "<group>"; };
/* End PBXFileReference section */

/* Begin PBXFrameworksBuildPhase section */
		FA833CA82B869B05008DCD90 /* Frameworks */ = {
			isa = PBXFrameworksBuildPhase;
			buildActionMask = 2147483647;
			files = (
			);
			runOnlyForDeploymentPostprocessing = 0;
		};
		FA833CBA2B869B06008DCD90 /* Frameworks */ = {
			isa = PBXFrameworksBuildPhase;
			buildActionMask = 2147483647;
			files = (
			);
			runOnlyForDeploymentPostprocessing = 0;
		};
		FA833CC42B869B06008DCD90 /* Frameworks */ = {
			isa = PBXFrameworksBuildPhase;
			buildActionMask = 2147483647;
			files = (
			);
			runOnlyForDeploymentPostprocessing = 0;
		};
/* End PBXFrameworksBuildPhase section */

/* Begin PBXGroup section */
		FA833CA22B869B05008DCD90 = {
			isa = PBXGroup;
			children = (
				FA833CAD2B869B05008DCD90 /* Race Time Predictor */,
				FA833CC02B869B06008DCD90 /* Race Time PredictorTests */,
				FA833CCA2B869B06008DCD90 /* Race Time PredictorUITests */,
				FA833CAC2B869B05008DCD90 /* Products */,
			);
			sourceTree = "<group>";
		};
		FA833CAC2B869B05008DCD90 /* Products */ = {
			isa = PBXGroup;
			children = (
				FA833CAB2B869B05008DCD90 /* Race Time Predictor.app */,
				FA833CBD2B869B06008DCD90 /* Race Time PredictorTests.xctest */,
				FA833CC72B869B06008DCD90 /* Race Time PredictorUITests.xctest */,
			);
			name = Products;
			sourceTree = "<group>";
		};
		FA833CAD2B869B05008DCD90 /* Race Time Predictor */ = {
			isa = PBXGroup;
			children = (
				FA833CDB2B86A05F008DCD90 /* Race Time Predictor.entitlements */,
				FA833CDA2B869E16008DCD90 /* Race-Time-Predictor-Info.plist */,
				FA833CAE2B869B05008DCD90 /* Race_Time_PredictorApp.swift */,
				FA1775EC2B87B7F8005924CE /* HealthKitManager.swift */,
				FA833CB02B869B05008DCD90 /* ContentView.swift */,
				FA833CB22B869B05008DCD90 /* Item.swift */,
				FA833CB42B869B06008DCD90 /* Assets.xcassets */,
				FA833CB62B869B06008DCD90 /* Preview Content */,
			);
			path = "Race Time Predictor";
			sourceTree = "<group>";
		};
		FA833CB62B869B06008DCD90 /* Preview Content */ = {
			isa = PBXGroup;
			children = (
				FA833CB72B869B06008DCD90 /* Preview Assets.xcassets */,
			);
			path = "Preview Content";
			sourceTree = "<group>";
		};
		FA833CC02B869B06008DCD90 /* Race Time PredictorTests */ = {
			isa = PBXGroup;
			children = (
				FA833CC12B869B06008DCD90 /* Race_Time_PredictorTests.swift */,
			);
			path = "Race Time PredictorTests";
			sourceTree = "<group>";
		};
		FA833CCA2B869B06008DCD90 /* Race Time PredictorUITests */ = {
			isa = PBXGroup;
			children = (
				FA833CCB2B869B06008DCD90 /* Race_Time_PredictorUITests.swift */,
				FA833CCD2B869B06008DCD90 /* Race_Time_PredictorUITestsLaunchTests.swift */,
			);
			path = "Race Time PredictorUITests";
			sourceTree = "<group>";
		};
/* End PBXGroup section */

/* Begin PBXNativeTarget section */
		FA833CAA2B869B05008DCD90 /* Race Time Predictor */ = {
			isa = PBXNativeTarget;
			buildConfigurationList = FA833CD12B869B06008DCD90 /* Build configuration list for PBXNativeTarget "Race Time Predictor" */;
			buildPhases = (
				FA833CA72B869B05008DCD90 /* Sources */,
				FA833CA82B869B05008DCD90 /* Frameworks */,
				FA833CA92B869B05008DCD90 /* Resources */,
			);
			buildRules = (
			);
			dependencies = (
			);
			name = "Race Time Predictor";
			productName = "Race Time Predictor";
			productReference = FA833CAB2B869B05008DCD90 /* Race Time Predictor.app */;
			productType = "com.apple.product-type.application";
		};
		FA833CBC2B869B06008DCD90 /* Race Time PredictorTests */ = {
			isa = PBXNativeTarget;
			buildConfigurationList = FA833CD42B869B06008DCD90 /* Build configuration list for PBXNativeTarget "Race Time PredictorTests" */;
			buildPhases = (
				FA833CB92B869B06008DCD90 /* Sources */,
				FA833CBA2B869B06008DCD90 /* Frameworks */,
				FA833CBB2B869B06008DCD90 /* Resources */,
			);
			buildRules = (
			);
			dependencies = (
				FA833CBF2B869B06008DCD90 /* PBXTargetDependency */,
			);
			name = "Race Time PredictorTests";
			productName = "Race Time PredictorTests";
			productReference = FA833CBD2B869B06008DCD90 /* Race Time PredictorTests.xctest */;
			productType = "com.apple.product-type.bundle.unit-test";
		};
		FA833CC62B869B06008DCD90 /* Race Time PredictorUITests */ = {
			isa = PBXNativeTarget;
			buildConfigurationList = FA833CD72B869B06008DCD90 /* Build configuration list for PBXNativeTarget "Race Time PredictorUITests" */;
			buildPhases = (
				FA833CC32B869B06008DCD90 /* Sources */,
				FA833CC42B869B06008DCD90 /* Frameworks */,
				FA833CC52B869B06008DCD90 /* Resources */,
			);
			buildRules = (
			);
			dependencies = (
				FA833CC92B869B06008DCD90 /* PBXTargetDependency */,
			);
			name = "Race Time PredictorUITests";
			productName = "Race Time PredictorUITests";
			productReference = FA833CC72B869B06008DCD90 /* Race Time PredictorUITests.xctest */;
			productType = "com.apple.product-type.bundle.ui-testing";
		};
/* End PBXNativeTarget section */

/* Begin PBXProject section */
		FA833CA32B869B05008DCD90 /* Project object */ = {
			isa = PBXProject;
			attributes = {
				BuildIndependentTargetsInParallel = 1;
				LastSwiftUpdateCheck = 1520;
				LastUpgradeCheck = 1520;
				TargetAttributes = {
					FA833CAA2B869B05008DCD90 = {
						CreatedOnToolsVersion = 15.2;
					};
					FA833CBC2B869B06008DCD90 = {
						CreatedOnToolsVersion = 15.2;
						TestTargetID = FA833CAA2B869B05008DCD90;
					};
					FA833CC62B869B06008DCD90 = {
						CreatedOnToolsVersion = 15.2;
						TestTargetID = FA833CAA2B869B05008DCD90;
					};
				};
			};
			buildConfigurationList = FA833CA62B869B05008DCD90 /* Build configuration list for PBXProject "Race Time Predictor" */;
			compatibilityVersion = "Xcode 14.0";
			developmentRegion = en;
			hasScannedForEncodings = 0;
			knownRegions = (
				en,
				Base,
			);
			mainGroup = FA833CA22B869B05008DCD90;
			productRefGroup = FA833CAC2B869B05008DCD90 /* Products */;
			projectDirPath = "";
			projectRoot = "";
			targets = (
				FA833CAA2B869B05008DCD90 /* Race Time Predictor */,
				FA833CBC2B869B06008DCD90 /* Race Time PredictorTests */,
				FA833CC62B869B06008DCD90 /* Race Time PredictorUITests */,
			);
		};
/* End PBXProject section */

/* Begin PBXResourcesBuildPhase section */
		FA833CA92B869B05008DCD90 /* Resources */ = {
			isa = PBXResourcesBuildPhase;
			buildActionMask = 2147483647;
			files = (
				FA833CB82B869B06008DCD90 /* Preview Assets.xcassets in Resources */,
				FA833CB52B869B06008DCD90 /* Assets.xcassets in Resources */,
			);
			runOnlyForDeploymentPostprocessing = 0;
		};
		FA833CBB2B869B06008DCD90 /* Resources */ = {
			isa = PBXResourcesBuildPhase;
			buildActionMask = 2147483647;
			files = (
			);
			runOnlyForDeploymentPostprocessing = 0;
		};
		FA833CC52B869B06008DCD90 /* Resources */ = {
			isa = PBXResourcesBuildPhase;
			buildActionMask = 2147483647;
			files = (
			);
			runOnlyForDeploymentPostprocessing = 0;
		};
/* End PBXResourcesBuildPhase section */

/* Begin PBXSourcesBuildPhase section */
		FA833CA72B869B05008DCD90 /* Sources */ = {
			isa = PBXSourcesBuildPhase;
			buildActionMask = 2147483647;
			files = (
				FA833CB12B869B05008DCD90 /* ContentView.swift in Sources */,
				FA833CB32B869B05008DCD90 /* Item.swift in Sources */,
				FA1775ED2B87B7F8005924CE /* HealthKitManager.swift in Sources */,
				FA833CAF2B869B05008DCD90 /* Race_Time_PredictorApp.swift in Sources */,
			);
			runOnlyForDeploymentPostprocessing = 0;
		};
		FA833CB92B869B06008DCD90 /* Sources */ = {
			isa = PBXSourcesBuildPhase;
			buildActionMask = 2147483647;
			files = (
				FA833CC22B869B06008DCD90 /* Race_Time_PredictorTests.swift in Sources */,
			);
			runOnlyForDeploymentPostprocessing = 0;
		};
		FA833CC32B869B06008DCD90 /* Sources */ = {
			isa = PBXSourcesBuildPhase;
			buildActionMask = 2147483647;
			files = (
				FA833CCC2B869B06008DCD90 /* Race_Time_PredictorUITests.swift in Sources */,
				FA833CCE2B869B06008DCD90 /* Race_Time_PredictorUITestsLaunchTests.swift in Sources */,
			);
			runOnlyForDeploymentPostprocessing = 0;
		};
/* End PBXSourcesBuildPhase section */

/* Begin PBXTargetDependency section */
		FA833CBF2B869B06008DCD90 /* PBXTargetDependency */ = {
			isa = PBXTargetDependency;
			target = FA833CAA2B869B05008DCD90 /* Race Time Predictor */;
			targetProxy = FA833CBE2B869B06008DCD90 /* PBXContainerItemProxy */;
		};
		FA833CC92B869B06008DCD90 /* PBXTargetDependency */ = {
			isa = PBXTargetDependency;
			target = FA833CAA2B869B05008DCD90 /* Race Time Predictor */;
			targetProxy = FA833CC82B869B06008DCD90 /* PBXContainerItemProxy */;
		};
/* End PBXTargetDependency section */

/* Begin XCBuildConfiguration section */
		FA833CCF2B869B06008DCD90 /* Debug */ = {
			isa = XCBuildConfiguration;
			buildSettings = {
				ALWAYS_SEARCH_USER_PATHS = NO;
				ASSETCATALOG_COMPILER_GENERATE_SWIFT_ASSET_SYMBOL_EXTENSIONS = YES;
				CLANG_ANALYZER_NONNULL = YES;
				CLANG_ANALYZER_NUMBER_OBJECT_CONVERSION = YES_AGGRESSIVE;
				CLANG_CXX_LANGUAGE_STANDARD = "gnu++20";
				CLANG_ENABLE_MODULES = YES;
				CLANG_ENABLE_OBJC_ARC = YES;
				CLANG_ENABLE_OBJC_WEAK = YES;
				CLANG_WARN_BLOCK_CAPTURE_AUTORELEASING = YES;
				CLANG_WARN_BOOL_CONVERSION = YES;
				CLANG_WARN_COMMA = YES;
				CLANG_WARN_CONSTANT_CONVERSION = YES;
				CLANG_WARN_DEPRECATED_OBJC_IMPLEMENTATIONS = YES;
				CLANG_WARN_DIRECT_OBJC_ISA_USAGE = YES_ERROR;
				CLANG_WARN_DOCUMENTATION_COMMENTS = YES;
				CLANG_WARN_EMPTY_BODY = YES;
				CLANG_WARN_ENUM_CONVERSION = YES;
				CLANG_WARN_INFINITE_RECURSION = YES;
				CLANG_WARN_INT_CONVERSION = YES;
				CLANG_WARN_NON_LITERAL_NULL_CONVERSION = YES;
				CLANG_WARN_OBJC_IMPLICIT_RETAIN_SELF = YES;
				CLANG_WARN_OBJC_LITERAL_CONVERSION = YES;
				CLANG_WARN_OBJC_ROOT_CLASS = YES_ERROR;
				CLANG_WARN_QUOTED_INCLUDE_IN_FRAMEWORK_HEADER = YES;
				CLANG_WARN_RANGE_LOOP_ANALYSIS = YES;
				CLANG_WARN_STRICT_PROTOTYPES = YES;
				CLANG_WARN_SUSPICIOUS_MOVE = YES;
				CLANG_WARN_UNGUARDED_AVAILABILITY = YES_AGGRESSIVE;
				CLANG_WARN_UNREACHABLE_CODE = YES;
				CLANG_WARN__DUPLICATE_METHOD_MATCH = YES;
				COPY_PHASE_STRIP = NO;
				DEBUG_INFORMATION_FORMAT = dwarf;
				ENABLE_STRICT_OBJC_MSGSEND = YES;
				ENABLE_TESTABILITY = YES;
				ENABLE_USER_SCRIPT_SANDBOXING = YES;
				GCC_C_LANGUAGE_STANDARD = gnu17;
				GCC_DYNAMIC_NO_PIC = NO;
				GCC_NO_COMMON_BLOCKS = YES;
				GCC_OPTIMIZATION_LEVEL = 0;
				GCC_PREPROCESSOR_DEFINITIONS = (
					"DEBUG=1",
					"$(inherited)",
				);
				GCC_WARN_64_TO_32_BIT_CONVERSION = YES;
				GCC_WARN_ABOUT_RETURN_TYPE = YES_ERROR;
				GCC_WARN_UNDECLARED_SELECTOR = YES;
				GCC_WARN_UNINITIALIZED_AUTOS = YES_AGGRESSIVE;
				GCC_WARN_UNUSED_FUNCTION = YES;
				GCC_WARN_UNUSED_VARIABLE = YES;
				IPHONEOS_DEPLOYMENT_TARGET = 17.2;
				LOCALIZATION_PREFERS_STRING_CATALOGS = YES;
				MTL_ENABLE_DEBUG_INFO = INCLUDE_SOURCE;
				MTL_FAST_MATH = YES;
				ONLY_ACTIVE_ARCH = YES;
				SDKROOT = iphoneos;
				SWIFT_ACTIVE_COMPILATION_CONDITIONS = "DEBUG $(inherited)";
				SWIFT_OPTIMIZATION_LEVEL = "-Onone";
			};
			name = Debug;
		};
		FA833CD02B869B06008DCD90 /* Release */ = {
			isa = XCBuildConfiguration;
			buildSettings = {
				ALWAYS_SEARCH_USER_PATHS = NO;
				ASSETCATALOG_COMPILER_GENERATE_SWIFT_ASSET_SYMBOL_EXTENSIONS = YES;
				CLANG_ANALYZER_NONNULL = YES;
				CLANG_ANALYZER_NUMBER_OBJECT_CONVERSION = YES_AGGRESSIVE;
				CLANG_CXX_LANGUAGE_STANDARD = "gnu++20";
				CLANG_ENABLE_MODULES = YES;
				CLANG_ENABLE_OBJC_ARC = YES;
				CLANG_ENABLE_OBJC_WEAK = YES;
				CLANG_WARN_BLOCK_CAPTURE_AUTORELEASING = YES;
				CLANG_WARN_BOOL_CONVERSION = YES;
				CLANG_WARN_COMMA = YES;
				CLANG_WARN_CONSTANT_CONVERSION = YES;
				CLANG_WARN_DEPRECATED_OBJC_IMPLEMENTATIONS = YES;
				CLANG_WARN_DIRECT_OBJC_ISA_USAGE = YES_ERROR;
				CLANG_WARN_DOCUMENTATION_COMMENTS = YES;
				CLANG_WARN_EMPTY_BODY = YES;
				CLANG_WARN_ENUM_CONVERSION = YES;
				CLANG_WARN_INFINITE_RECURSION = YES;
				CLANG_WARN_INT_CONVERSION = YES;
				CLANG_WARN_NON_LITERAL_NULL_CONVERSION = YES;
				CLANG_WARN_OBJC_IMPLICIT_RETAIN_SELF = YES;
				CLANG_WARN_OBJC_LITERAL_CONVERSION = YES;
				CLANG_WARN_OBJC_ROOT_CLASS = YES_ERROR;
				CLANG_WARN_QUOTED_INCLUDE_IN_FRAMEWORK_HEADER = YES;
				CLANG_WARN_RANGE_LOOP_ANALYSIS = YES;
				CLANG_WARN_STRICT_PROTOTYPES = YES;
				CLANG_WARN_SUSPICIOUS_MOVE = YES;
				CLANG_WARN_UNGUARDED_AVAILABILITY = YES_AGGRESSIVE;
				CLANG_WARN_UNREACHABLE_CODE = YES;
				CLANG_WARN__DUPLICATE_METHOD_MATCH = YES;
				COPY_PHASE_STRIP = NO;
				DEBUG_INFORMATION_FORMAT = "dwarf-with-dsym";
				ENABLE_NS_ASSERTIONS = NO;
				ENABLE_STRICT_OBJC_MSGSEND = YES;
				ENABLE_USER_SCRIPT_SANDBOXING = YES;
				GCC_C_LANGUAGE_STANDARD = gnu17;
				GCC_NO_COMMON_BLOCKS = YES;
				GCC_WARN_64_TO_32_BIT_CONVERSION = YES;
				GCC_WARN_ABOUT_RETURN_TYPE = YES_ERROR;
				GCC_WARN_UNDECLARED_SELECTOR = YES;
				GCC_WARN_UNINITIALIZED_AUTOS = YES_AGGRESSIVE;
				GCC_WARN_UNUSED_FUNCTION = YES;
				GCC_WARN_UNUSED_VARIABLE = YES;
				IPHONEOS_DEPLOYMENT_TARGET = 17.2;
				LOCALIZATION_PREFERS_STRING_CATALOGS = YES;
				MTL_ENABLE_DEBUG_INFO = NO;
				MTL_FAST_MATH = YES;
				SDKROOT = iphoneos;
				SWIFT_COMPILATION_MODE = wholemodule;
				VALIDATE_PRODUCT = YES;
			};
			name = Release;
		};
		FA833CD22B869B06008DCD90 /* Debug */ = {
			isa = XCBuildConfiguration;
			buildSettings = {
				ASSETCATALOG_COMPILER_APPICON_NAME = AppIcon;
				ASSETCATALOG_COMPILER_GLOBAL_ACCENT_COLOR_NAME = AccentColor;
				CODE_SIGN_ENTITLEMENTS = "Race Time Predictor/Race Time Predictor.entitlements";
				CODE_SIGN_STYLE = Automatic;
				CURRENT_PROJECT_VERSION = 1;
				DEVELOPMENT_ASSET_PATHS = "\"Race Time Predictor/Preview Content\"";
				DEVELOPMENT_TEAM = 3R48S2N947;
				ENABLE_PREVIEWS = YES;
				GENERATE_INFOPLIST_FILE = YES;
				INFOPLIST_FILE = "Race-Time-Predictor-Info.plist";
				INFOPLIST_KEY_CFBundleDisplayName = "Race Time Predictor";
				INFOPLIST_KEY_LSApplicationCategoryType = "public.app-category.healthcare-fitness";
				INFOPLIST_KEY_NSHealthShareUsageDescription = "To accurately predict your race times, Race Time Predictor app requests access to your Healthkit data. This includes workout history, heart rate, and other metrics to help us tailor our predictions. Your health data stays on your device and is never shared.";
				INFOPLIST_KEY_NSHealthUpdateUsageDescription = "To accurately predict your race times, Race Time Predictor app requests access to your Healthkit data. This includes workout history, heart rate, and other metrics to help us tailor our predictions. Your health data stays on your device and is never shared.";
				INFOPLIST_KEY_UIApplicationSceneManifest_Generation = YES;
				INFOPLIST_KEY_UIApplicationSupportsIndirectInputEvents = YES;
				INFOPLIST_KEY_UILaunchScreen_Generation = YES;
				INFOPLIST_KEY_UISupportedInterfaceOrientations_iPad = "UIInterfaceOrientationPortrait UIInterfaceOrientationPortraitUpsideDown UIInterfaceOrientationLandscapeLeft UIInterfaceOrientationLandscapeRight";
				INFOPLIST_KEY_UISupportedInterfaceOrientations_iPhone = "UIInterfaceOrientationPortrait UIInterfaceOrientationLandscapeLeft UIInterfaceOrientationLandscapeRight";
				LD_RUNPATH_SEARCH_PATHS = (
					"$(inherited)",
					"@executable_path/Frameworks",
				);
				MARKETING_VERSION = 1.0;
				PRODUCT_BUNDLE_IDENTIFIER = "dkbuilds.Race-Time-Predictor";
				PRODUCT_NAME = "$(TARGET_NAME)";
				SWIFT_EMIT_LOC_STRINGS = YES;
				SWIFT_VERSION = 5.0;
				TARGETED_DEVICE_FAMILY = "1,2";
			};
			name = Debug;
		};
		FA833CD32B869B06008DCD90 /* Release */ = {
			isa = XCBuildConfiguration;
			buildSettings = {
				ASSETCATALOG_COMPILER_APPICON_NAME = AppIcon;
				ASSETCATALOG_COMPILER_GLOBAL_ACCENT_COLOR_NAME = AccentColor;
				CODE_SIGN_ENTITLEMENTS = "Race Time Predictor/Race Time Predictor.entitlements";
				CODE_SIGN_STYLE = Automatic;
				CURRENT_PROJECT_VERSION = 1;
				DEVELOPMENT_ASSET_PATHS = "\"Race Time Predictor/Preview Content\"";
				DEVELOPMENT_TEAM = 3R48S2N947;
				ENABLE_PREVIEWS = YES;
				GENERATE_INFOPLIST_FILE = YES;
				INFOPLIST_FILE = "Race-Time-Predictor-Info.plist";
				INFOPLIST_KEY_CFBundleDisplayName = "Race Time Predictor";
				INFOPLIST_KEY_LSApplicationCategoryType = "public.app-category.healthcare-fitness";
				INFOPLIST_KEY_NSHealthShareUsageDescription = "To accurately predict your race times, Race Time Predictor app requests access to your Healthkit data. This includes workout history, heart rate, and other metrics to help us tailor our predictions. Your health data stays on your device and is never shared.";
				INFOPLIST_KEY_NSHealthUpdateUsageDescription = "To accurately predict your race times, Race Time Predictor app requests access to your Healthkit data. This includes workout history, heart rate, and other metrics to help us tailor our predictions. Your health data stays on your device and is never shared.";
				INFOPLIST_KEY_UIApplicationSceneManifest_Generation = YES;
				INFOPLIST_KEY_UIApplicationSupportsIndirectInputEvents = YES;
				INFOPLIST_KEY_UILaunchScreen_Generation = YES;
				INFOPLIST_KEY_UISupportedInterfaceOrientations_iPad = "UIInterfaceOrientationPortrait UIInterfaceOrientationPortraitUpsideDown UIInterfaceOrientationLandscapeLeft UIInterfaceOrientationLandscapeRight";
				INFOPLIST_KEY_UISupportedInterfaceOrientations_iPhone = "UIInterfaceOrientationPortrait UIInterfaceOrientationLandscapeLeft UIInterfaceOrientationLandscapeRight";
				LD_RUNPATH_SEARCH_PATHS = (
					"$(inherited)",
					"@executable_path/Frameworks",
				);
				MARKETING_VERSION = 1.0;
				PRODUCT_BUNDLE_IDENTIFIER = "dkbuilds.Race-Time-Predictor";
				PRODUCT_NAME = "$(TARGET_NAME)";
				SWIFT_EMIT_LOC_STRINGS = YES;
				SWIFT_VERSION = 5.0;
				TARGETED_DEVICE_FAMILY = "1,2";
			};
			name = Release;
		};
		FA833CD52B869B06008DCD90 /* Debug */ = {
			isa = XCBuildConfiguration;
			buildSettings = {
				ALWAYS_EMBED_SWIFT_STANDARD_LIBRARIES = YES;
				BUNDLE_LOADER = "$(TEST_HOST)";
				CODE_SIGN_STYLE = Automatic;
				CURRENT_PROJECT_VERSION = 1;
				DEVELOPMENT_TEAM = 3R48S2N947;
				GENERATE_INFOPLIST_FILE = YES;
				IPHONEOS_DEPLOYMENT_TARGET = 17.2;
				MARKETING_VERSION = 1.0;
				PRODUCT_BUNDLE_IDENTIFIER = "dkbuilds.Race-Time-PredictorTests";
				PRODUCT_NAME = "$(TARGET_NAME)";
				SWIFT_EMIT_LOC_STRINGS = NO;
				SWIFT_VERSION = 5.0;
				TARGETED_DEVICE_FAMILY = "1,2";
				TEST_HOST = "$(BUILT_PRODUCTS_DIR)/Race Time Predictor.app/$(BUNDLE_EXECUTABLE_FOLDER_PATH)/Race Time Predictor";
			};
			name = Debug;
		};
		FA833CD62B869B06008DCD90 /* Release */ = {
			isa = XCBuildConfiguration;
			buildSettings = {
				ALWAYS_EMBED_SWIFT_STANDARD_LIBRARIES = YES;
				BUNDLE_LOADER = "$(TEST_HOST)";
				CODE_SIGN_STYLE = Automatic;
				CURRENT_PROJECT_VERSION = 1;
				DEVELOPMENT_TEAM = 3R48S2N947;
				GENERATE_INFOPLIST_FILE = YES;
				IPHONEOS_DEPLOYMENT_TARGET = 17.2;
				MARKETING_VERSION = 1.0;
				PRODUCT_BUNDLE_IDENTIFIER = "dkbuilds.Race-Time-PredictorTests";
				PRODUCT_NAME = "$(TARGET_NAME)";
				SWIFT_EMIT_LOC_STRINGS = NO;
				SWIFT_VERSION = 5.0;
				TARGETED_DEVICE_FAMILY = "1,2";
				TEST_HOST = "$(BUILT_PRODUCTS_DIR)/Race Time Predictor.app/$(BUNDLE_EXECUTABLE_FOLDER_PATH)/Race Time Predictor";
			};
			name = Release;
		};
		FA833CD82B869B06008DCD90 /* Debug */ = {
			isa = XCBuildConfiguration;
			buildSettings = {
				ALWAYS_EMBED_SWIFT_STANDARD_LIBRARIES = YES;
				CODE_SIGN_STYLE = Automatic;
				CURRENT_PROJECT_VERSION = 1;
				DEVELOPMENT_TEAM = 3R48S2N947;
				GENERATE_INFOPLIST_FILE = YES;
				MARKETING_VERSION = 1.0;
				PRODUCT_BUNDLE_IDENTIFIER = "dkbuilds.Race-Time-PredictorUITests";
				PRODUCT_NAME = "$(TARGET_NAME)";
				SWIFT_EMIT_LOC_STRINGS = NO;
				SWIFT_VERSION = 5.0;
				TARGETED_DEVICE_FAMILY = "1,2";
				TEST_TARGET_NAME = "Race Time Predictor";
			};
			name = Debug;
		};
		FA833CD92B869B06008DCD90 /* Release */ = {
			isa = XCBuildConfiguration;
			buildSettings = {
				ALWAYS_EMBED_SWIFT_STANDARD_LIBRARIES = YES;
				CODE_SIGN_STYLE = Automatic;
				CURRENT_PROJECT_VERSION = 1;
				DEVELOPMENT_TEAM = 3R48S2N947;
				GENERATE_INFOPLIST_FILE = YES;
				MARKETING_VERSION = 1.0;
				PRODUCT_BUNDLE_IDENTIFIER = "dkbuilds.Race-Time-PredictorUITests";
				PRODUCT_NAME = "$(TARGET_NAME)";
				SWIFT_EMIT_LOC_STRINGS = NO;
				SWIFT_VERSION = 5.0;
				TARGETED_DEVICE_FAMILY = "1,2";
				TEST_TARGET_NAME = "Race Time Predictor";
			};
			name = Release;
		};
/* End XCBuildConfiguration section */

/* Begin XCConfigurationList section */
		FA833CA62B869B05008DCD90 /* Build configuration list for PBXProject "Race Time Predictor" */ = {
			isa = XCConfigurationList;
			buildConfigurations = (
				FA833CCF2B869B06008DCD90 /* Debug */,
				FA833CD02B869B06008DCD90 /* Release */,
			);
			defaultConfigurationIsVisible = 0;
			defaultConfigurationName = Release;
		};
		FA833CD12B869B06008DCD90 /* Build configuration list for PBXNativeTarget "Race Time Predictor" */ = {
			isa = XCConfigurationList;
			buildConfigurations = (
				FA833CD22B869B06008DCD90 /* Debug */,
				FA833CD32B869B06008DCD90 /* Release */,
			);
			defaultConfigurationIsVisible = 0;
			defaultConfigurationName = Release;
		};
		FA833CD42B869B06008DCD90 /* Build configuration list for PBXNativeTarget "Race Time PredictorTests" */ = {
			isa = XCConfigurationList;
			buildConfigurations = (
				FA833CD52B869B06008DCD90 /* Debug */,
				FA833CD62B869B06008DCD90 /* Release */,
			);
			defaultConfigurationIsVisible = 0;
			defaultConfigurationName = Release;
		};
		FA833CD72B869B06008DCD90 /* Build configuration list for PBXNativeTarget "Race Time PredictorUITests" */ = {
			isa = XCConfigurationList;
			buildConfigurations = (
				FA833CD82B869B06008DCD90 /* Debug */,
				FA833CD92B869B06008DCD90 /* Release */,
			);
			defaultConfigurationIsVisible = 0;
			defaultConfigurationName = Release;
		};
/* End XCConfigurationList section */
	};
	rootObject = FA833CA32B869B05008DCD90 /* Project object */;
}
